
Microsoft Visual Studio Solution File, Format Version 12.00
# Visual Studio Version 17
VisualStudioVersion = 17.6.33829.357
MinimumVisualStudioVersion = 10.0.40219.1
Project("{FAE04EC0-301F-11D3-BF4B-00C04F79EFBC}") = "Lab_9.3", "Lab_9.3\Lab_9.3.csproj", "{129B853C-3A05-49F5-9DF2-B29F0FF7C565}"
EndProject
Global
	GlobalSection(SolutionConfigurationPlatforms) = preSolution
		Debug|Any CPU = Debug|Any CPU
		Release|Any CPU = Release|Any CPU
	EndGlobalSection
	GlobalSection(ProjectConfigurationPlatforms) = postSolution
		{129B853C-3A05-49F5-9DF2-B29F0FF7C565}.Debug|Any CPU.ActiveCfg = Debug|Any CPU
		{129B853C-3A05-49F5-9DF2-B29F0FF7C565}.Debug|Any CPU.Build.0 = Debug|Any CPU
		{129B853C-3A05-49F5-9DF2-B29F0FF7C565}.Release|Any CPU.ActiveCfg = Release|Any CPU
		{129B853C-3A05-49F5-9DF2-B29F0FF7C565}.Release|Any CPU.Build.0 = Release|Any CPU
	EndGlobalSection
	GlobalSection(SolutionProperties) = preSolution
		HideSolutionNode = FALSE
	EndGlobalSection
	GlobalSection(ExtensibilityGlobals) = postSolution
		SolutionGuid = {46D8B82E-A098-42A9-B440-70E61A247F24}
	EndGlobalSection
EndGlobal
